
Microsoft Visual Studio Solution File, Format Version 12.00
# Visual Studio Version 17
VisualStudioVersion = 17.13.35825.156 d17.13
MinimumVisualStudioVersion = 10.0.40219.1
Project("{54A90642-561A-4BB1-A94E-469ADEE60C69}") = "joawebapp.client", "joawebapp.client\joawebapp.client.esproj", "{DF610DE7-C43E-0F98-7E9F-577A0B039EBE}"
EndProject
Project("{FAE04EC0-301F-11D3-BF4B-00C04F79EFBC}") = "joaWebApp.Server", "joaWebApp.Server\joaWebApp.Server.csproj", "{C5B18592-1188-4E87-93C4-4078A0C9048D}"
EndProject
Global
	GlobalSection(SolutionConfigurationPlatforms) = preSolution
		Debug|Any CPU = Debug|Any CPU
		Release|Any CPU = Release|Any CPU
	EndGlobalSection
	GlobalSection(ProjectConfigurationPlatforms) = postSolution
		{DF610DE7-C43E-0F98-7E9F-577A0B039EBE}.Debug|Any CPU.ActiveCfg = Debug|Any CPU
		{DF610DE7-C43E-0F98-7E9F-577A0B039EBE}.Debug|Any CPU.Build.0 = Debug|Any CPU
		{DF610DE7-C43E-0F98-7E9F-577A0B039EBE}.Debug|Any CPU.Deploy.0 = Debug|Any CPU
		{DF610DE7-C43E-0F98-7E9F-577A0B039EBE}.Release|Any CPU.ActiveCfg = Release|Any CPU
		{DF610DE7-C43E-0F98-7E9F-577A0B039EBE}.Release|Any CPU.Build.0 = Release|Any CPU
		{DF610DE7-C43E-0F98-7E9F-577A0B039EBE}.Release|Any CPU.Deploy.0 = Release|Any CPU
		{C5B18592-1188-4E87-93C4-4078A0C9048D}.Debug|Any CPU.ActiveCfg = Debug|Any CPU
		{C5B18592-1188-4E87-93C4-4078A0C9048D}.Debug|Any CPU.Build.0 = Debug|Any CPU
		{C5B18592-1188-4E87-93C4-4078A0C9048D}.Release|Any CPU.ActiveCfg = Release|Any CPU
		{C5B18592-1188-4E87-93C4-4078A0C9048D}.Release|Any CPU.Build.0 = Release|Any CPU
	EndGlobalSection
	GlobalSection(SolutionProperties) = preSolution
		HideSolutionNode = FALSE
	EndGlobalSection
	GlobalSection(ExtensibilityGlobals) = postSolution
		SolutionGuid = {FEEB5D98-9FAF-4A00-8517-15904B5952A1}
	EndGlobalSection
EndGlobal
